
Microsoft Visual Studio Solution File, Format Version 12.00
# Visual Studio Version 16
VisualStudioVersion = 16.0.29613.14
MinimumVisualStudioVersion = 10.0.40219.1
Project("{FAE04EC0-301F-11D3-BF4B-00C04F79EFBC}") = "MidiToSerialbridge", "MidiToSerialbridge\MidiToSerialbridge.csproj", "{B930E707-484F-4A8C-A57B-8EBC6C7178E1}"
EndProject
Global
	GlobalSection(SolutionConfigurationPlatforms) = preSolution
		Debug|Any CPU = Debug|Any CPU
		Release|Any CPU = Release|Any CPU
	EndGlobalSection
	GlobalSection(ProjectConfigurationPlatforms) = postSolution
		{B930E707-484F-4A8C-A57B-8EBC6C7178E1}.Debug|Any CPU.ActiveCfg = Debug|Any CPU
		{B930E707-484F-4A8C-A57B-8EBC6C7178E1}.Debug|Any CPU.Build.0 = Debug|Any CPU
		{B930E707-484F-4A8C-A57B-8EBC6C7178E1}.Release|Any CPU.ActiveCfg = Release|Any CPU
		{B930E707-484F-4A8C-A57B-8EBC6C7178E1}.Release|Any CPU.Build.0 = Release|Any CPU
	EndGlobalSection
	GlobalSection(SolutionProperties) = preSolution
		HideSolutionNode = FALSE
	EndGlobalSection
	GlobalSection(ExtensibilityGlobals) = postSolution
		SolutionGuid = {309BB1AF-0A8F-4285-8980-5354D4E4B9DC}
	EndGlobalSection
EndGlobal
